
Microsoft Visual Studio Solution File, Format Version 12.00
# Visual Studio Version 17
VisualStudioVersion = 17.5.002.0
MinimumVisualStudioVersion = 10.0.40219.1
Project("{9A19103F-16F7-4668-BE54-9A1E7A4F7556}") = "chainsmart", "chainsmart.csproj", "{775FAC72-191B-4797-9AA1-5CCDEFF85A39}"
EndProject
Global
	GlobalSection(SolutionConfigurationPlatforms) = preSolution
		Debug|Any CPU = Debug|Any CPU
		Release|Any CPU = Release|Any CPU
	EndGlobalSection
	GlobalSection(ProjectConfigurationPlatforms) = postSolution
		{775FAC72-191B-4797-9AA1-5CCDEFF85A39}.Debug|Any CPU.ActiveCfg = Debug|Any CPU
		{775FAC72-191B-4797-9AA1-5CCDEFF85A39}.Debug|Any CPU.Build.0 = Debug|Any CPU
		{775FAC72-191B-4797-9AA1-5CCDEFF85A39}.Release|Any CPU.ActiveCfg = Release|Any CPU
		{775FAC72-191B-4797-9AA1-5CCDEFF85A39}.Release|Any CPU.Build.0 = Release|Any CPU
	EndGlobalSection
	GlobalSection(SolutionProperties) = preSolution
		HideSolutionNode = FALSE
	EndGlobalSection
	GlobalSection(ExtensibilityGlobals) = postSolution
		SolutionGuid = {2C488677-88AC-445A-81B5-C1CCBB5AD092}
	EndGlobalSection
EndGlobal
